
Microsoft Visual Studio Solution File, Format Version 12.00
# Visual Studio Version 17
VisualStudioVersion = 17.9.34723.18
MinimumVisualStudioVersion = 10.0.40219.1
Project("{FAE04EC0-301F-11D3-BF4B-00C04F79EFBC}") = "RegClock", "RegClock\RegClock.csproj", "{96C63E4A-386B-472B-B35B-0C9662B1DD68}"
EndProject
Global
	GlobalSection(SolutionConfigurationPlatforms) = preSolution
		Debug|Any CPU = Debug|Any CPU
		Release|Any CPU = Release|Any CPU
	EndGlobalSection
	GlobalSection(ProjectConfigurationPlatforms) = postSolution
		{96C63E4A-386B-472B-B35B-0C9662B1DD68}.Debug|Any CPU.ActiveCfg = Debug|Any CPU
		{96C63E4A-386B-472B-B35B-0C9662B1DD68}.Debug|Any CPU.Build.0 = Debug|Any CPU
		{96C63E4A-386B-472B-B35B-0C9662B1DD68}.Release|Any CPU.ActiveCfg = Release|Any CPU
		{96C63E4A-386B-472B-B35B-0C9662B1DD68}.Release|Any CPU.Build.0 = Release|Any CPU
	EndGlobalSection
	GlobalSection(SolutionProperties) = preSolution
		HideSolutionNode = FALSE
	EndGlobalSection
	GlobalSection(ExtensibilityGlobals) = postSolution
		SolutionGuid = {CD93248E-63F4-499C-A05B-91491515F2A5}
	EndGlobalSection
EndGlobal
